version: 6
environments:
  default:
    channels:
    - url: https://conda.anaconda.org/conda-forge/
    packages:
      osx-arm64:
      - conda: https://conda.anaconda.org/conda-forge/osx-arm64/hugo-0.143.1-h286801f_0.conda
      - conda: https://conda.anaconda.org/conda-forge/osx-arm64/libcxx-19.1.7-ha82da77_0.conda
packages:
- conda: https://conda.anaconda.org/conda-forge/osx-arm64/hugo-0.143.1-h286801f_0.conda
  sha256: bbb31643b4ecf46f21f4d9f1e841ad2319abf1a602f6106f05ad670ecee139a8
  md5: 060fe7d93702670dc7944477ff842f5d
  depends:
  - __osx >=11.0
  - libcxx >=18
  arch: arm64
  platform: osx
  license: Apache-2.0
  size: 15400087
  timestamp: 1738690971549
- conda: https://conda.anaconda.org/conda-forge/osx-arm64/libcxx-19.1.7-ha82da77_0.conda
  sha256: 776092346da87a2a23502e14d91eb0c32699c4a1522b7331537bd1c3751dcff5
  md5: 5b3e1610ff8bd5443476b91d618f5b77
  depends:
  - __osx >=11.0
  arch: arm64
  platform: osx
  license: Apache-2.0 WITH LLVM-exception
  license_family: Apache
  size: 523505
  timestamp: 1736877862502
